
Microsoft Visual Studio Solution File, Format Version 12.00
# Visual Studio Version 16
VisualStudioVersion = 16.0.30804.86
MinimumVisualStudioVersion = 10.0.40219.1
Project("{FAE04EC0-301F-11D3-BF4B-00C04F79EFBC}") = "CSMySQL_SMART_CRUD_V1", "CSMySQL_SMART_CRUD_V1\CSMySQL_SMART_CRUD_V1.csproj", "{6EE03E24-BBDE-49D9-8941-61344655CA6A}"
EndProject
Global
	GlobalSection(SolutionConfigurationPlatforms) = preSolution
		Debug|Any CPU = Debug|Any CPU
		Release|Any CPU = Release|Any CPU
	EndGlobalSection
	GlobalSection(ProjectConfigurationPlatforms) = postSolution
		{6EE03E24-BBDE-49D9-8941-61344655CA6A}.Debug|Any CPU.ActiveCfg = Debug|Any CPU
		{6EE03E24-BBDE-49D9-8941-61344655CA6A}.Debug|Any CPU.Build.0 = Debug|Any CPU
		{6EE03E24-BBDE-49D9-8941-61344655CA6A}.Release|Any CPU.ActiveCfg = Release|Any CPU
		{6EE03E24-BBDE-49D9-8941-61344655CA6A}.Release|Any CPU.Build.0 = Release|Any CPU
	EndGlobalSection
	GlobalSection(SolutionProperties) = preSolution
		HideSolutionNode = FALSE
	EndGlobalSection
	GlobalSection(ExtensibilityGlobals) = postSolution
		SolutionGuid = {FC3FD1C9-CDA2-4ADC-A7C9-96DF4E84CFC9}
	EndGlobalSection
EndGlobal
